
Microsoft Visual Studio Solution File, Format Version 12.00
# Visual Studio Version 17
VisualStudioVersion = 17.0.31903.59
MinimumVisualStudioVersion = 10.0.40219.1
Project("{2150E333-8FDC-42A3-9474-1A3956D46DE8}") = "src", "src", "{827E0CD3-B72D-47B6-A68D-7590B98EB39B}"
EndProject
Project("{FAE04EC0-301F-11D3-BF4B-00C04F79EFBC}") = "unifocl", "src\unifocl\unifocl.csproj", "{B2BF5ADA-28E6-4492-9CE3-3377A206612A}"
EndProject
Project("{FAE04EC0-301F-11D3-BF4B-00C04F79EFBC}") = "unifocl.unity.compatcheck", "src\unifocl.unity.compatcheck\unifocl.unity.compatcheck.csproj", "{97016E79-23AD-4256-AEC2-0EA2DF4E34B6}"
EndProject
Project("{FAE04EC0-301F-11D3-BF4B-00C04F79EFBC}") = "unifocl.unity.analyzer", "src\unifocl.unity.analyzer\unifocl.unity.analyzer.csproj", "{38323E5A-50E2-4D5C-B10C-A7BC0CB0A21E}"
EndProject
Project("{FAE04EC0-301F-11D3-BF4B-00C04F79EFBC}") = "unifocl.Tests", "src\unifocl.Tests\unifocl.Tests.csproj", "{DA67351E-996B-4D72-8A5C-3A995D7873DE}"
EndProject
Global
	GlobalSection(SolutionConfigurationPlatforms) = preSolution
		Debug|Any CPU = Debug|Any CPU
		Debug|x64 = Debug|x64
		Debug|x86 = Debug|x86
		Release|Any CPU = Release|Any CPU
		Release|x64 = Release|x64
		Release|x86 = Release|x86
	EndGlobalSection
	GlobalSection(ProjectConfigurationPlatforms) = postSolution
		{B2BF5ADA-28E6-4492-9CE3-3377A206612A}.Debug|Any CPU.ActiveCfg = Debug|Any CPU
		{B2BF5ADA-28E6-4492-9CE3-3377A206612A}.Debug|Any CPU.Build.0 = Debug|Any CPU
		{B2BF5ADA-28E6-4492-9CE3-3377A206612A}.Debug|x64.ActiveCfg = Debug|Any CPU
		{B2BF5ADA-28E6-4492-9CE3-3377A206612A}.Debug|x64.Build.0 = Debug|Any CPU
		{B2BF5ADA-28E6-4492-9CE3-3377A206612A}.Debug|x86.ActiveCfg = Debug|Any CPU
		{B2BF5ADA-28E6-4492-9CE3-3377A206612A}.Debug|x86.Build.0 = Debug|Any CPU
		{B2BF5ADA-28E6-4492-9CE3-3377A206612A}.Release|Any CPU.ActiveCfg = Release|Any CPU
		{B2BF5ADA-28E6-4492-9CE3-3377A206612A}.Release|Any CPU.Build.0 = Release|Any CPU
		{B2BF5ADA-28E6-4492-9CE3-3377A206612A}.Release|x64.ActiveCfg = Release|Any CPU
		{B2BF5ADA-28E6-4492-9CE3-3377A206612A}.Release|x64.Build.0 = Release|Any CPU
		{B2BF5ADA-28E6-4492-9CE3-3377A206612A}.Release|x86.ActiveCfg = Release|Any CPU
		{B2BF5ADA-28E6-4492-9CE3-3377A206612A}.Release|x86.Build.0 = Release|Any CPU
		{97016E79-23AD-4256-AEC2-0EA2DF4E34B6}.Debug|Any CPU.ActiveCfg = Debug|Any CPU
		{97016E79-23AD-4256-AEC2-0EA2DF4E34B6}.Debug|x64.ActiveCfg = Debug|Any CPU
		{97016E79-23AD-4256-AEC2-0EA2DF4E34B6}.Debug|x86.ActiveCfg = Debug|Any CPU
		{97016E79-23AD-4256-AEC2-0EA2DF4E34B6}.Release|Any CPU.ActiveCfg = Release|Any CPU
		{97016E79-23AD-4256-AEC2-0EA2DF4E34B6}.Release|x64.ActiveCfg = Release|Any CPU
		{97016E79-23AD-4256-AEC2-0EA2DF4E34B6}.Release|x86.ActiveCfg = Release|Any CPU
		{38323E5A-50E2-4D5C-B10C-A7BC0CB0A21E}.Debug|Any CPU.ActiveCfg = Debug|Any CPU
		{38323E5A-50E2-4D5C-B10C-A7BC0CB0A21E}.Debug|Any CPU.Build.0 = Debug|Any CPU
		{38323E5A-50E2-4D5C-B10C-A7BC0CB0A21E}.Debug|x64.ActiveCfg = Debug|Any CPU
		{38323E5A-50E2-4D5C-B10C-A7BC0CB0A21E}.Debug|x64.Build.0 = Debug|Any CPU
		{38323E5A-50E2-4D5C-B10C-A7BC0CB0A21E}.Debug|x86.ActiveCfg = Debug|Any CPU
		{38323E5A-50E2-4D5C-B10C-A7BC0CB0A21E}.Debug|x86.Build.0 = Debug|Any CPU
		{38323E5A-50E2-4D5C-B10C-A7BC0CB0A21E}.Release|Any CPU.ActiveCfg = Release|Any CPU
		{38323E5A-50E2-4D5C-B10C-A7BC0CB0A21E}.Release|Any CPU.Build.0 = Release|Any CPU
		{38323E5A-50E2-4D5C-B10C-A7BC0CB0A21E}.Release|x64.ActiveCfg = Release|Any CPU
		{38323E5A-50E2-4D5C-B10C-A7BC0CB0A21E}.Release|x64.Build.0 = Release|Any CPU
		{38323E5A-50E2-4D5C-B10C-A7BC0CB0A21E}.Release|x86.ActiveCfg = Release|Any CPU
		{38323E5A-50E2-4D5C-B10C-A7BC0CB0A21E}.Release|x86.Build.0 = Release|Any CPU
		{DA67351E-996B-4D72-8A5C-3A995D7873DE}.Debug|Any CPU.ActiveCfg = Debug|Any CPU
		{DA67351E-996B-4D72-8A5C-3A995D7873DE}.Debug|Any CPU.Build.0 = Debug|Any CPU
		{DA67351E-996B-4D72-8A5C-3A995D7873DE}.Debug|x64.ActiveCfg = Debug|Any CPU
		{DA67351E-996B-4D72-8A5C-3A995D7873DE}.Debug|x64.Build.0 = Debug|Any CPU
		{DA67351E-996B-4D72-8A5C-3A995D7873DE}.Debug|x86.ActiveCfg = Debug|Any CPU
		{DA67351E-996B-4D72-8A5C-3A995D7873DE}.Debug|x86.Build.0 = Debug|Any CPU
		{DA67351E-996B-4D72-8A5C-3A995D7873DE}.Release|Any CPU.ActiveCfg = Release|Any CPU
		{DA67351E-996B-4D72-8A5C-3A995D7873DE}.Release|Any CPU.Build.0 = Release|Any CPU
		{DA67351E-996B-4D72-8A5C-3A995D7873DE}.Release|x64.ActiveCfg = Release|Any CPU
		{DA67351E-996B-4D72-8A5C-3A995D7873DE}.Release|x64.Build.0 = Release|Any CPU
		{DA67351E-996B-4D72-8A5C-3A995D7873DE}.Release|x86.ActiveCfg = Release|Any CPU
		{DA67351E-996B-4D72-8A5C-3A995D7873DE}.Release|x86.Build.0 = Release|Any CPU
	EndGlobalSection
	GlobalSection(SolutionProperties) = preSolution
		HideSolutionNode = FALSE
	EndGlobalSection
	GlobalSection(NestedProjects) = preSolution
		{B2BF5ADA-28E6-4492-9CE3-3377A206612A} = {827E0CD3-B72D-47B6-A68D-7590B98EB39B}
		{97016E79-23AD-4256-AEC2-0EA2DF4E34B6} = {827E0CD3-B72D-47B6-A68D-7590B98EB39B}
		{38323E5A-50E2-4D5C-B10C-A7BC0CB0A21E} = {827E0CD3-B72D-47B6-A68D-7590B98EB39B}
		{DA67351E-996B-4D72-8A5C-3A995D7873DE} = {827E0CD3-B72D-47B6-A68D-7590B98EB39B}
	EndGlobalSection
EndGlobal
